
Microsoft Visual Studio Solution File, Format Version 12.00
# Visual Studio Version 16
VisualStudioVersion = 16.0.31702.278
MinimumVisualStudioVersion = 10.0.40219.1
Project("{2150E333-8FDC-42A3-9474-1A3956D46DE8}") = "Task0", "Task0", "{6DC7B988-94B7-486F-8F9B-E6D1ADF149C7}"
EndProject
Project("{FAE04EC0-301F-11D3-BF4B-00C04F79EFBC}") = "Tyuiu.AramaAG.Sprint1.Task0.V23", "Tyuiu.AramaAG.Sprint1.Task0.V23\Tyuiu.AramaAG.Sprint1.Task0.V23.csproj", "{34979905-D950-487A-975C-6CC177BE9F64}"
EndProject
Project("{FAE04EC0-301F-11D3-BF4B-00C04F79EFBC}") = "Tyuiu.AramaAG.Sprint1.Task0.V23.Lib", "Tyuiu.AramaAG.Sprint1.Task0.V23.Lib\Tyuiu.AramaAG.Sprint1.Task0.V23.Lib.csproj", "{B9A2F890-BC00-4CDA-8270-BA15E68C0176}"
EndProject
Project("{FAE04EC0-301F-11D3-BF4B-00C04F79EFBC}") = "Tyuiu.AramaAG.Sprint1.Task0.V23.Test", "Tyuiu.AramaAG.Sprint1.Task0.V23.Test\Tyuiu.AramaAG.Sprint1.Task0.V23.Test.csproj", "{E50FF009-CAC5-426F-99D4-CFAFA09B9992}"
EndProject
Project("{2150E333-8FDC-42A3-9474-1A3956D46DE8}") = "Task1", "Task1", "{A961CA2E-863B-47C2-B826-07B544995270}"
EndProject
Project("{FAE04EC0-301F-11D3-BF4B-00C04F79EFBC}") = "Tyuiu.AramaAG.Sprint1.Task1.V29", "Tyuiu.AramaAG.Sprint1.Task1.V29\Tyuiu.AramaAG.Sprint1.Task1.V29.csproj", "{ABA2A90F-18EF-42B3-846D-56BABCA73E2A}"
EndProject
Project("{FAE04EC0-301F-11D3-BF4B-00C04F79EFBC}") = "Tyuiu.AramaAG.Sprint1.Task1.V29.Test", "Tyuiu.AramaAG.Sprint1.Task1.V29.Test\Tyuiu.AramaAG.Sprint1.Task1.V29.Test.csproj", "{74EDF329-4D56-4BED-B812-6CF8737FF370}"
EndProject
Project("{FAE04EC0-301F-11D3-BF4B-00C04F79EFBC}") = "Tyuiu.AramaAG.Sprint1.Task1.V29.Lib", "Tyuiu.AramaAG.Sprint1.Task1.V29.Lib\Tyuiu.AramaAG.Sprint1.Task1.V29.Lib.csproj", "{EC1A7B77-D3CB-4F1A-B24F-65BD4FB8D2FE}"
EndProject
Project("{2150E333-8FDC-42A3-9474-1A3956D46DE8}") = "Task2", "Task2", "{DAA94C5E-AF4B-429A-8DB0-F543C321BD96}"
EndProject
Project("{FAE04EC0-301F-11D3-BF4B-00C04F79EFBC}") = "Tyuiu.AramaAG.Sprint1.Task2.V10", "Tyuiu.AramaAG.Sprint1.Task2.V10\Tyuiu.AramaAG.Sprint1.Task2.V10.csproj", "{E96DD748-0425-498C-90ED-38ACAA65A37B}"
EndProject
Project("{FAE04EC0-301F-11D3-BF4B-00C04F79EFBC}") = "Tyuiu.AramaAG.Sprint1.Task2.V10.Lib", "Tyuiu.AramaAG.Sprint1.Task2.V10.Lib\Tyuiu.AramaAG.Sprint1.Task2.V10.Lib.csproj", "{1F4DEC3C-D8D3-4FF1-92DA-2B751724AC4D}"
EndProject
Project("{FAE04EC0-301F-11D3-BF4B-00C04F79EFBC}") = "Tyuiu.AramaAG.Sprint1.Task2.V10.Test", "Tyuiu.AramaAG.Sprint1.Task2.V10.Test\Tyuiu.AramaAG.Sprint1.Task2.V10.Test.csproj", "{B259BF91-15BC-4608-A8A0-388E479BC10C}"
EndProject
Global
	GlobalSection(SolutionConfigurationPlatforms) = preSolution
		Debug|Any CPU = Debug|Any CPU
		Release|Any CPU = Release|Any CPU
	EndGlobalSection
	GlobalSection(ProjectConfigurationPlatforms) = postSolution
		{34979905-D950-487A-975C-6CC177BE9F64}.Debug|Any CPU.ActiveCfg = Debug|Any CPU
		{34979905-D950-487A-975C-6CC177BE9F64}.Debug|Any CPU.Build.0 = Debug|Any CPU
		{34979905-D950-487A-975C-6CC177BE9F64}.Release|Any CPU.ActiveCfg = Release|Any CPU
		{34979905-D950-487A-975C-6CC177BE9F64}.Release|Any CPU.Build.0 = Release|Any CPU
		{B9A2F890-BC00-4CDA-8270-BA15E68C0176}.Debug|Any CPU.ActiveCfg = Debug|Any CPU
		{B9A2F890-BC00-4CDA-8270-BA15E68C0176}.Debug|Any CPU.Build.0 = Debug|Any CPU
		{B9A2F890-BC00-4CDA-8270-BA15E68C0176}.Release|Any CPU.ActiveCfg = Release|Any CPU
		{B9A2F890-BC00-4CDA-8270-BA15E68C0176}.Release|Any CPU.Build.0 = Release|Any CPU
		{E50FF009-CAC5-426F-99D4-CFAFA09B9992}.Debug|Any CPU.ActiveCfg = Debug|Any CPU
		{E50FF009-CAC5-426F-99D4-CFAFA09B9992}.Debug|Any CPU.Build.0 = Debug|Any CPU
		{E50FF009-CAC5-426F-99D4-CFAFA09B9992}.Release|Any CPU.ActiveCfg = Release|Any CPU
		{E50FF009-CAC5-426F-99D4-CFAFA09B9992}.Release|Any CPU.Build.0 = Release|Any CPU
		{ABA2A90F-18EF-42B3-846D-56BABCA73E2A}.Debug|Any CPU.ActiveCfg = Debug|Any CPU
		{ABA2A90F-18EF-42B3-846D-56BABCA73E2A}.Debug|Any CPU.Build.0 = Debug|Any CPU
		{ABA2A90F-18EF-42B3-846D-56BABCA73E2A}.Release|Any CPU.ActiveCfg = Release|Any CPU
		{ABA2A90F-18EF-42B3-846D-56BABCA73E2A}.Release|Any CPU.Build.0 = Release|Any CPU
		{74EDF329-4D56-4BED-B812-6CF8737FF370}.Debug|Any CPU.ActiveCfg = Debug|Any CPU
		{74EDF329-4D56-4BED-B812-6CF8737FF370}.Debug|Any CPU.Build.0 = Debug|Any CPU
		{74EDF329-4D56-4BED-B812-6CF8737FF370}.Release|Any CPU.ActiveCfg = Release|Any CPU
		{74EDF329-4D56-4BED-B812-6CF8737FF370}.Release|Any CPU.Build.0 = Release|Any CPU
		{EC1A7B77-D3CB-4F1A-B24F-65BD4FB8D2FE}.Debug|Any CPU.ActiveCfg = Debug|Any CPU
		{EC1A7B77-D3CB-4F1A-B24F-65BD4FB8D2FE}.Debug|Any CPU.Build.0 = Debug|Any CPU
		{EC1A7B77-D3CB-4F1A-B24F-65BD4FB8D2FE}.Release|Any CPU.ActiveCfg = Release|Any CPU
		{EC1A7B77-D3CB-4F1A-B24F-65BD4FB8D2FE}.Release|Any CPU.Build.0 = Release|Any CPU
		{E96DD748-0425-498C-90ED-38ACAA65A37B}.Debug|Any CPU.ActiveCfg = Debug|Any CPU
		{E96DD748-0425-498C-90ED-38ACAA65A37B}.Debug|Any CPU.Build.0 = Debug|Any CPU
		{E96DD748-0425-498C-90ED-38ACAA65A37B}.Release|Any CPU.ActiveCfg = Release|Any CPU
		{E96DD748-0425-498C-90ED-38ACAA65A37B}.Release|Any CPU.Build.0 = Release|Any CPU
		{1F4DEC3C-D8D3-4FF1-92DA-2B751724AC4D}.Debug|Any CPU.ActiveCfg = Debug|Any CPU
		{1F4DEC3C-D8D3-4FF1-92DA-2B751724AC4D}.Debug|Any CPU.Build.0 = Debug|Any CPU
		{1F4DEC3C-D8D3-4FF1-92DA-2B751724AC4D}.Release|Any CPU.ActiveCfg = Release|Any CPU
		{1F4DEC3C-D8D3-4FF1-92DA-2B751724AC4D}.Release|Any CPU.Build.0 = Release|Any CPU
		{B259BF91-15BC-4608-A8A0-388E479BC10C}.Debug|Any CPU.ActiveCfg = Debug|Any CPU
		{B259BF91-15BC-4608-A8A0-388E479BC10C}.Debug|Any CPU.Build.0 = Debug|Any CPU
		{B259BF91-15BC-4608-A8A0-388E479BC10C}.Release|Any CPU.ActiveCfg = Release|Any CPU
		{B259BF91-15BC-4608-A8A0-388E479BC10C}.Release|Any CPU.Build.0 = Release|Any CPU
	EndGlobalSection
	GlobalSection(SolutionProperties) = preSolution
		HideSolutionNode = FALSE
	EndGlobalSection
	GlobalSection(NestedProjects) = preSolution
		{34979905-D950-487A-975C-6CC177BE9F64} = {6DC7B988-94B7-486F-8F9B-E6D1ADF149C7}
		{B9A2F890-BC00-4CDA-8270-BA15E68C0176} = {6DC7B988-94B7-486F-8F9B-E6D1ADF149C7}
		{E50FF009-CAC5-426F-99D4-CFAFA09B9992} = {6DC7B988-94B7-486F-8F9B-E6D1ADF149C7}
		{ABA2A90F-18EF-42B3-846D-56BABCA73E2A} = {A961CA2E-863B-47C2-B826-07B544995270}
		{74EDF329-4D56-4BED-B812-6CF8737FF370} = {A961CA2E-863B-47C2-B826-07B544995270}
		{EC1A7B77-D3CB-4F1A-B24F-65BD4FB8D2FE} = {A961CA2E-863B-47C2-B826-07B544995270}
		{E96DD748-0425-498C-90ED-38ACAA65A37B} = {DAA94C5E-AF4B-429A-8DB0-F543C321BD96}
		{1F4DEC3C-D8D3-4FF1-92DA-2B751724AC4D} = {DAA94C5E-AF4B-429A-8DB0-F543C321BD96}
		{B259BF91-15BC-4608-A8A0-388E479BC10C} = {DAA94C5E-AF4B-429A-8DB0-F543C321BD96}
	EndGlobalSection
	GlobalSection(ExtensibilityGlobals) = postSolution
		SolutionGuid = {6553FEBD-4E77-462D-B7FC-9645A7A65DE4}
	EndGlobalSection
EndGlobal
